Microsoft Visual Studio Solution File, Format Version 12.00
VisualStudioVersion = 17.0.31903.59
MinimumVisualStudioVersion = 10.0.40219.1
Project("{2150E333-8FDC-42A3-9474-1A3956D46DE8}") = "src", "src", "{6DA1702F-07BE-4248-8557-84941AC7B702}"
EndProject
Project("{6EC984D6-55D0-48E2-9A1B-774162CA0A69}") = "Jellyfin.Plugin.Prerolls", "src\Jellyfin.Plugin.Prerolls\Jellyfin.Plugin.Prerolls.csproj", "{DCD0C8B9-A493-4A66-B8EE-8748D430B660}"
EndProject
Project("{2150E333-8FDC-42A3-9474-1A3956D46DE8}") = "test", "test", "{D841214D-157A-4B26-99A4-E5C2D19669E5}"
EndProject
Project("{6EC984D6-55D0-48E2-9A1B-774162CA0A69}") = "Jellyfin.Plugin.Prerolls.Tests", "test\Jellyfin.Plugin.Prerolls.Tests\Jellyfin.Plugin.Prerolls.Tests.csproj", "{46F4F7A1-102A-4745-A046-972D5713113B}"
EndProject
Global
	GlobalSection(SolutionConfigurationPlatforms) = preSolution
		Debug|x64 = Debug|x64
		Release|x64 = Release|x64
	EndGlobalSection
	GlobalSection(SolutionProperties) = preSolution
		HideSolutionNode = FALSE
	EndGlobalSection
	GlobalSection(ProjectConfigurationPlatforms) = postSolution
		{DCD0C8B9-A493-4A66-B8EE-8748D430B660}.Debug|x64.ActiveCfg = Debug|x64
		{DCD0C8B9-A493-4A66-B8EE-8748D430B660}.Debug|x64.Build.0 = Debug|x64
		{DCD0C8B9-A493-4A66-B8EE-8748D430B660}.Release|x64.ActiveCfg = Release|x64
		{DCD0C8B9-A493-4A66-B8EE-8748D430B660}.Release|x64.Build.0 = Release|x64
		{46F4F7A1-102A-4745-A046-972D5713113B}.Debug|x64.ActiveCfg = Debug|x64
		{46F4F7A1-102A-4745-A046-972D5713113B}.Debug|x64.Build.0 = Debug|x64
		{46F4F7A1-102A-4745-A046-972D5713113B}.Release|x64.ActiveCfg = Release|x64
		{46F4F7A1-102A-4745-A046-972D5713113B}.Release|x64.Build.0 = Release|x64
	EndGlobalSection
	GlobalSection(NestedProjects) = preSolution
		{DCD0C8B9-A493-4A66-B8EE-8748D430B660} = {6DA1702F-07BE-4248-8557-84941AC7B702}
		{46F4F7A1-102A-4745-A046-972D5713113B} = {D841214D-157A-4B26-99A4-E5C2D19669E5}
	EndGlobalSection
EndGlobal
