{
  "version": 1,
  "dependencies": {
    "net6.0": {
      "Jellyfin.Controller": {
        "type": "Direct",
        "requested": "[10.*, )",
        "resolved": "10.8.4",
        "contentHash": "1ZNrEgQItRUkXIelp77Fxp3uYk12MjcbY24DxjuYKq/d/7/l2UKgyxV9DyD3MgPNqHekPqsebwNCemHzms5fnA==",
        "dependencies": {
          "Jellyfin.Common": "10.8.4",
          "Jellyfin.Model": "10.8.4",
          "Jellyfin.Naming": "10.8.4",
          "Microsoft.Extensions.Configuration.Abstractions": "6.0.0",
          "Microsoft.Extensions.Configuration.Binder": "6.0.0",
          "System.Threading.Tasks.Dataflow": "6.0.0"
        }
      },
      "Jellyfin.Model": {
        "type": "Direct",
        "requested": "[10.*, )",
        "resolved": "10.8.4",
        "contentHash": "vfBRMQ6bdbWIPpVUBCY3CAPPTGy+Qj0NW4V5yUsmfZJ1ELKjs3nAiKE7ZtcaPO7kCExDuqpnPvAvkBpoM4mZnQ==",
        "dependencies": {
          "Jellyfin.Data": "10.8.4",
          "Jellyfin.Extensions": "10.8.4",
          "Microsoft.Extensions.Logging.Abstractions": "6.0.1",
          "System.Globalization": "4.3.0",
          "System.Text.Json": "6.0.5"
        }
      },
      "Jellyfin.Common": {
        "type": "Transitive",
        "resolved": "10.8.4",
        "contentHash": "1t70MiYc6X4P7l4AvLAg87KaMH7dQlGp53mqgPm5pYd91ozFyFFs3dVExffY+JfjXYTWqf2MeLgXyDSIJVa0Xw==",
        "dependencies": {
          "Jellyfin.Model": "10.8.4",
          "Microsoft.Extensions.Configuration.Abstractions": "6.0.0",
          "Microsoft.Extensions.DependencyInjection.Abstractions": "6.0.0"
        }
      },
      "Jellyfin.Data": {
        "type": "Transitive",
        "resolved": "10.8.4",
        "contentHash": "0iOkcSmnf0+OGI9VqQvGtWi8q/d9SxEIPvB8KmucxTPnB/CfdQ/aoGUPtXu3ZNgBYnDnVqxKy+1gIuLFrh9ZOQ==",
        "dependencies": {
          "Microsoft.Extensions.Logging": "6.0.0"
        }
      },
      "Jellyfin.Extensions": {
        "type": "Transitive",
        "resolved": "10.8.4",
        "contentHash": "KKGJkaJfcGOOIrRKzI1wq3j2RirfQKNPUpDtFMDwQQPwbOaeK9ImKu6V3GdqQR64dKHE0j8RUv/UVCOrH+Jfmg=="
      },
      "Jellyfin.Naming": {
        "type": "Transitive",
        "resolved": "10.8.4",
        "contentHash": "DteY4fOJd+kgH6R96zE4JLq4IBCLa0huKU6cAN8pg/zdjlUuSC3zboe6PNoAFTfP7IjhyYpTbdQfxXPy8PcIxw==",
        "dependencies": {
          "Jellyfin.Common": "10.8.4",
          "Jellyfin.Model": "10.8.4"
        }
      },
      "Microsoft.Extensions.Configuration.Abstractions": {
        "type": "Transitive",
        "resolved": "6.0.0",
        "contentHash": "qWzV9o+ZRWq+pGm+1dF+R7qTgTYoXvbyowRoBxQJGfqTpqDun2eteerjRQhq5PQ/14S+lqto3Ft4gYaRyl4rdQ==",
        "dependencies": {
          "Microsoft.Extensions.Primitives": "6.0.0"
        }
      },
      "Microsoft.Extensions.Configuration.Binder": {
        "type": "Transitive",
        "resolved": "6.0.0",
        "contentHash": "b3ErKzND8LIC7o08QAVlKfaEIYEvLJbtmVbFZVBRXeu9YkKfSSzLZfR1SUfQPBIy9mKLhEtJgGYImkcMNaKE0A==",
        "dependencies": {
          "Microsoft.Extensions.Configuration.Abstractions": "6.0.0"
        }
      },
      "Microsoft.Extensions.DependencyInjection": {
        "type": "Transitive",
        "resolved": "6.0.0",
        "contentHash": "k6PWQMuoBDGGHOQTtyois2u4AwyVcIwL2LaSLlTZQm2CYcJ1pxbt6jfAnpWmzENA/wfrYRI/X9DTLoUkE4AsLw==",
        "dependencies": {
          "Microsoft.Extensions.DependencyInjection.Abstractions": "6.0.0",
          "System.Runtime.CompilerServices.Unsafe": "6.0.0"
        }
      },
      "Microsoft.Extensions.DependencyInjection.Abstractions": {
        "type": "Transitive",
        "resolved": "6.0.0",
        "contentHash": "xlzi2IYREJH3/m6+lUrQlujzX8wDitm4QGnUu6kUXTQAWPuZY8i+ticFJbzfqaetLA6KR/rO6Ew/HuYD+bxifg=="
      },
      "Microsoft.Extensions.Logging": {
        "type": "Transitive",
        "resolved": "6.0.0",
        "contentHash": "eIbyj40QDg1NDz0HBW0S5f3wrLVnKWnDJ/JtZ+yJDFnDj90VoPuoPmFkeaXrtu+0cKm5GRAwoDf+dBWXK0TUdg==",
        "dependencies": {
          "Microsoft.Extensions.DependencyInjection": "6.0.0",
          "Microsoft.Extensions.DependencyInjection.Abstractions": "6.0.0",
          "Microsoft.Extensions.Logging.Abstractions": "6.0.0",
          "Microsoft.Extensions.Options": "6.0.0",
          "System.Diagnostics.DiagnosticSource": "6.0.0"
        }
      },
      "Microsoft.Extensions.Logging.Abstractions": {
        "type": "Transitive",
        "resolved": "6.0.1",
        "contentHash": "dzB2Cgg+JmrouhjkcQGzSFjjvpwlq353i8oBQO2GWNjCXSzhbtBRUf28HSauWe7eib3wYOdb3tItdjRwAdwCSg=="
      },
      "Microsoft.Extensions.Options": {
        "type": "Transitive",
        "resolved": "6.0.0",
        "contentHash": "dzXN0+V1AyjOe2xcJ86Qbo233KHuLEY0njf/P2Kw8SfJU+d45HNS2ctJdnEnrWbM9Ye2eFgaC5Mj9otRMU6IsQ==",
        "dependencies": {
          "Microsoft.Extensions.DependencyInjection.Abstractions": "6.0.0",
          "Microsoft.Extensions.Primitives": "6.0.0"
        }
      },
      "Microsoft.Extensions.Primitives": {
        "type": "Transitive",
        "resolved": "6.0.0",
        "contentHash": "9+PnzmQFfEFNR9J2aDTfJGGupShHjOuGw4VUv+JB044biSHrnmCIMD+mJHmb2H7YryrfBEXDurxQ47gJZdCKNQ==",
        "dependencies": {
          "System.Runtime.CompilerServices.Unsafe": "6.0.0"
        }
      },
      "Microsoft.NETCore.Platforms": {
        "type": "Transitive",
        "resolved": "1.1.0",
        "contentHash": "kz0PEW2lhqygehI/d6XsPCQzD7ff7gUJaVGPVETX611eadGsA3A877GdSlU0LRVMCTH/+P3o2iDTak+S08V2+A=="
      },
      "Microsoft.NETCore.Targets": {
        "type": "Transitive",
        "resolved": "1.1.0",
        "contentHash": "aOZA3BWfz9RXjpzt0sRJJMjAscAUm3Hoa4UWAfceV9UTYxgwZ1lZt5nO2myFf+/jetYQo4uTP7zS8sJY67BBxg=="
      },
      "System.Diagnostics.DiagnosticSource": {
        "type": "Transitive",
        "resolved": "6.0.0",
        "contentHash": "frQDfv0rl209cKm1lnwTgFPzNigy2EKk1BS3uAvHvlBVKe5cymGyHO+Sj+NLv5VF/AhHsqPIUUwya5oV4CHMUw==",
        "dependencies": {
          "System.Runtime.CompilerServices.Unsafe": "6.0.0"
        }
      },
      "System.Globalization": {
        "type": "Transitive",
        "resolved": "4.3.0",
        "contentHash": "kYdVd2f2PAdFGblzFswE4hkNANJBKRmsfa2X5LG2AcWE1c7/4t0pYae1L8vfZ5xvE2nK/R9JprtToA61OSHWIg==",
        "dependencies": {
          "Microsoft.NETCore.Platforms": "1.1.0",
          "Microsoft.NETCore.Targets": "1.1.0",
          "System.Runtime": "4.3.0"
        }
      },
      "System.Runtime": {
        "type": "Transitive",
        "resolved": "4.3.0",
        "contentHash": "JufQi0vPQ0xGnAczR13AUFglDyVYt4Kqnz1AZaiKZ5+GICq0/1MH/mO/eAJHt/mHW1zjKBJd7kV26SrxddAhiw==",
        "dependencies": {
          "Microsoft.NETCore.Platforms": "1.1.0",
          "Microsoft.NETCore.Targets": "1.1.0"
        }
      },
      "System.Runtime.CompilerServices.Unsafe": {
        "type": "Transitive",
        "resolved": "6.0.0",
        "contentHash": "/iUeP3tq1S0XdNNoMz5C9twLSrM/TH+qElHkXWaPvuNOt+99G75NrV0OS2EqHx5wMN7popYjpc8oTjC1y16DLg=="
      },
      "System.Text.Encodings.Web": {
        "type": "Transitive",
        "resolved": "6.0.0",
        "contentHash": "Vg8eB5Tawm1IFqj4TVK1czJX89rhFxJo9ELqc/Eiq0eXy13RK00eubyU6TJE6y+GQXjyV5gSfiewDUZjQgSE0w==",
        "dependencies": {
          "System.Runtime.CompilerServices.Unsafe": "6.0.0"
        }
      },
      "System.Text.Json": {
        "type": "Transitive",
        "resolved": "6.0.5",
        "contentHash": "SSH+YYrMpvLcy7Orzb5K1tSyffnFacWahyxCCjYH1PbSHdAF4dekmIetBurFKgtTHDmwEe/J2Csi/7niRH6d/g==",
        "dependencies": {
          "System.Runtime.CompilerServices.Unsafe": "6.0.0",
          "System.Text.Encodings.Web": "6.0.0"
        }
      },
      "System.Threading.Tasks.Dataflow": {
        "type": "Transitive",
        "resolved": "6.0.0",
        "contentHash": "+tyDCU3/B1lDdOOAJywHQoFwyXIUghIaP2BxG79uvhfTnO+D9qIgjVlL/JV2NTliYbMHpd6eKDmHp2VHpij7MA=="
      }
    }
  }
}